
Microsoft Visual Studio Solution File, Format Version 12.00
# Visual Studio 15
VisualStudioVersion = 15.0.27703.2042
MinimumVisualStudioVersion = 10.0.40219.1
Project("{FAE04EC0-301F-11D3-BF4B-00C04F79EFBC}") = "TestSolution", "TestSolution\TestSolution.csproj", "{D0580AD3-F135-474E-A2FB-978EA0553FB0}"
EndProject
Global
	GlobalSection(SolutionConfigurationPlatforms) = preSolution
		Debug|Any CPU = Debug|Any CPU
		Release|Any CPU = Release|Any CPU
	EndGlobalSection
	GlobalSection(ProjectConfigurationPlatforms) = postSolution
		{D0580AD3-F135-474E-A2FB-978EA0553FB0}.Debug|Any CPU.ActiveCfg = Debug|Any CPU
		{D0580AD3-F135-474E-A2FB-978EA0553FB0}.Debug|Any CPU.Build.0 = Debug|Any CPU
		{D0580AD3-F135-474E-A2FB-978EA0553FB0}.Release|Any CPU.ActiveCfg = Release|Any CPU
		{D0580AD3-F135-474E-A2FB-978EA0553FB0}.Release|Any CPU.Build.0 = Release|Any CPU
	EndGlobalSection
	GlobalSection(SolutionProperties) = preSolution
		HideSolutionNode = FALSE
	EndGlobalSection
	GlobalSection(ExtensibilityGlobals) = postSolution
		SolutionGuid = {D05F23B2-A3E8-4A02-8F5E-81F7400CB43B}
	EndGlobalSection
EndGlobal
